<?xml version="1.0" encoding="utf-8"?>
<Project ToolsVersion="4.0" xmlns="http://schemas.microsoft.com/developer/msbuild/2003">
  <ItemGroup>
    <Filter Include="Archivos de origen">
      <UniqueIdentifier>{4FC737F1-C7A5-4376-A066-2A32D752A2FF}</UniqueIdentifier>
      <Extensions>cpp;c;cc;cxx;c++;cppm;ixx;def;odl;idl;hpj;bat;asm;asmx</Extensions>
    </Filter>
    <Filter Include="Archivos de encabezado">
      <UniqueIdentifier>{93995380-89BD-4b04-88EB-625FBE52EBFB}</UniqueIdentifier>
      <Extensions>h;hh;hpp;hxx;h++;hm;inl;inc;ipp;xsd</Extensions>
    </Filter>
    <Filter Include="Archivos de recursos">
      <UniqueIdentifier>{67DA6AB6-F800-4c08-8B7A-83BB121AAD01}</UniqueIdentifier>
      <Extensions>rc;ico;cur;bmp;dlg;rc2;rct;bin;rgs;gif;jpg;jpeg;jpe;resx;tiff;tif;png;wav;mfcribbon-ms</Extensions>
    </Filter>
    <Filter Include="Archivos de encabezado\Contenedores">
      <UniqueIdentifier>{ff36fb23-e6d7-47b9-be6e-8988f7e2eb57}</UniqueIdentifier>
    </Filter>
    <Filter Include="Archivos de origen\Contenedores">
      <UniqueIdentifier>{9d3986fe-da3c-4ef4-b07a-e111db1ec531}</UniqueIdentifier>
    </Filter>
    <Filter Include="Archivos de encabezado\Proyecto2">
      <UniqueIdentifier>{270d924d-49e7-443a-a91d-4e919a1d8ffa}</UniqueIdentifier>
    </Filter>
    <Filter Include="Archivos de encabezado\Proyecto1">
      <UniqueIdentifier>{ac8b2443-9ab6-4833-9fe3-56963aeacb3e}</UniqueIdentifier>
    </Filter>
    <Filter Include="Archivos de origen\Proyecto2">
      <UniqueIdentifier>{7cab98af-8843-495a-bebc-3872ed51fa84}</UniqueIdentifier>
    </Filter>
    <Filter Include="Archivos de origen\Proyecto1">
      <UniqueIdentifier>{95413ba3-d972-4913-a757-e6788019db2f}</UniqueIdentifier>
    </Filter>
  </ItemGroup>
  <ItemGroup>
    <ClCompile Include="Main.cpp">
      <Filter>Archivos de origen</Filter>
    </ClCompile>
    <ClCompile Include="ColaProcesamiento.cpp">
      <Filter>Archivos de origen\Contenedores</Filter>
    </ClCompile>
    <ClCompile Include="ListaProductoReciclado.cpp">
      <Filter>Archivos de origen\Contenedores</Filter>
    </ClCompile>
    <ClCompile Include="ListaRutaDistribucion.cpp">
      <Filter>Archivos de origen\Contenedores</Filter>
    </ClCompile>
    <ClCompile Include="NodoProductoReciclado.cpp">
      <Filter>Archivos de origen\Contenedores</Filter>
    </ClCompile>
    <ClCompile Include="PilaProductos.cpp">
      <Filter>Archivos de origen\Contenedores</Filter>
    </ClCompile>
    <ClCompile Include="NodoCamion.cpp">
      <Filter>Archivos de origen\Contenedores</Filter>
    </ClCompile>
    <ClCompile Include="NodoRuta.cpp">
      <Filter>Archivos de origen\Contenedores</Filter>
    </ClCompile>
    <ClCompile Include="NodoProductos.cpp">
      <Filter>Archivos de origen\Contenedores</Filter>
    </ClCompile>
    <ClCompile Include="Camion.cpp">
      <Filter>Archivos de origen\Proyecto2</Filter>
    </ClCompile>
    <ClCompile Include="NodoGrafo.cpp">
      <Filter>Archivos de origen\Proyecto2</Filter>
    </ClCompile>
    <ClCompile Include="GestosPilaProductos.cpp">
      <Filter>Archivos de origen\Proyecto1</Filter>
    </ClCompile>
    <ClCompile Include="Producto.cpp">
      <Filter>Archivos de origen\Proyecto1</Filter>
    </ClCompile>
    <ClCompile Include="ProductoReciclado.cpp">
      <Filter>Archivos de origen\Proyecto1</Filter>
    </ClCompile>
    <ClCompile Include="RutaDistribucion.cpp">
      <Filter>Archivos de origen\Proyecto1</Filter>
    </ClCompile>
    <ClCompile Include="GrafoDistribucion.cpp">
      <Filter>Archivos de origen\Proyecto2</Filter>
    </ClCompile>
    <ClCompile Include="BusquedaRuta.cpp">
      <Filter>Archivos de origen\Proyecto2</Filter>
    </ClCompile>
    <ClCompile Include="InterfazUsuario.cpp">
      <Filter>Archivos de origen</Filter>
    </ClCompile>
    <ClCompile Include="ListaCamion.cpp">
      <Filter>Archivos de origen\Contenedores</Filter>
    </ClCompile>
    <ClCompile Include="ArbolAVL.cpp">
      <Filter>Archivos de origen\Proyecto2</Filter>
    </ClCompile>
  </ItemGroup>
  <ItemGroup>
    <ClInclude Include="ListaProductoReciclado.h">
      <Filter>Archivos de encabezado\Contenedores</Filter>
    </ClInclude>
    <ClInclude Include="ListaRutaDistribucion.h">
      <Filter>Archivos de encabezado\Contenedores</Filter>
    </ClInclude>
    <ClInclude Include="NodoProductoReciclado.h">
      <Filter>Archivos de encabezado\Contenedores</Filter>
    </ClInclude>
    <ClInclude Include="ColaProcesamiento.h">
      <Filter>Archivos de encabezado\Contenedores</Filter>
    </ClInclude>
    <ClInclude Include="PilaProductos.h">
      <Filter>Archivos de encabezado\Contenedores</Filter>
    </ClInclude>
    <ClInclude Include="NodoCamion.h">
      <Filter>Archivos de encabezado\Contenedores</Filter>
    </ClInclude>
    <ClInclude Include="NodoRuta.h">
      <Filter>Archivos de encabezado\Contenedores</Filter>
    </ClInclude>
    <ClInclude Include="NodoProductos.h">
      <Filter>Archivos de encabezado\Contenedores</Filter>
    </ClInclude>
    <ClInclude Include="Camion.h">
      <Filter>Archivos de encabezado\Proyecto2</Filter>
    </ClInclude>
    <ClInclude Include="NodoGrafo.h">
      <Filter>Archivos de encabezado\Proyecto2</Filter>
    </ClInclude>
    <ClInclude Include="GestosPilaProductos.h">
      <Filter>Archivos de encabezado\Proyecto1</Filter>
    </ClInclude>
    <ClInclude Include="Includes.h">
      <Filter>Archivos de encabezado\Proyecto1</Filter>
    </ClInclude>
    <ClInclude Include="Producto.h">
      <Filter>Archivos de encabezado\Proyecto1</Filter>
    </ClInclude>
    <ClInclude Include="ProductoReciclado.h">
      <Filter>Archivos de encabezado\Proyecto1</Filter>
    </ClInclude>
    <ClInclude Include="RutaDistribucion.h">
      <Filter>Archivos de encabezado\Proyecto1</Filter>
    </ClInclude>
    <ClInclude Include="GrafoDistribucion.h">
      <Filter>Archivos de encabezado\Proyecto2</Filter>
    </ClInclude>
    <ClInclude Include="BusquedaRuta.h">
      <Filter>Archivos de encabezado\Proyecto2</Filter>
    </ClInclude>
    <ClInclude Include="InterfazUsuario.h">
      <Filter>Archivos de encabezado</Filter>
    </ClInclude>
    <ClInclude Include="ListaCamion.h">
      <Filter>Archivos de encabezado\Contenedores</Filter>
    </ClInclude>
    <ClInclude Include="ArbolAVL.h">
      <Filter>Archivos de encabezado\Proyecto2</Filter>
    </ClInclude>
  </ItemGroup>
</Project>